
Microsoft Visual Studio Solution File, Format Version 12.00
# Visual Studio Version 16
VisualStudioVersion = 16.0.30711.63
MinimumVisualStudioVersion = 10.0.40219.1
Project("{FAE04EC0-301F-11D3-BF4B-00C04F79EFBC}") = "Ccreator.Android", "Ccreator.Android\Ccreator.Android.csproj", "{A32FA087-67CC-4D65-83C2-821543831601}"
EndProject
Project("{FAE04EC0-301F-11D3-BF4B-00C04F79EFBC}") = "Ccreator.iOS", "Ccreator.iOS\Ccreator.iOS.csproj", "{811330A0-665D-42E5-A604-F58812D1869F}"
EndProject
Project("{FAE04EC0-301F-11D3-BF4B-00C04F79EFBC}") = "Ccreator", "Ccreator\Ccreator.csproj", "{68CC8E15-96E4-4D1B-A705-2D4B2A283298}"
EndProject
Global
	GlobalSection(SolutionConfigurationPlatforms) = preSolution
		Debug|Any CPU = Debug|Any CPU
		Debug|iPhone = Debug|iPhone
		Debug|iPhoneSimulator = Debug|iPhoneSimulator
		Release|Any CPU = Release|Any CPU
		Release|iPhone = Release|iPhone
		Release|iPhoneSimulator = Release|iPhoneSimulator
	EndGlobalSection
	GlobalSection(ProjectConfigurationPlatforms) = postSolution
		{A32FA087-67CC-4D65-83C2-821543831601}.Debug|Any CPU.ActiveCfg = Debug|Any CPU
		{A32FA087-67CC-4D65-83C2-821543831601}.Debug|Any CPU.Build.0 = Debug|Any CPU
		{A32FA087-67CC-4D65-83C2-821543831601}.Debug|Any CPU.Deploy.0 = Debug|Any CPU
		{A32FA087-67CC-4D65-83C2-821543831601}.Debug|iPhone.ActiveCfg = Debug|Any CPU
		{A32FA087-67CC-4D65-83C2-821543831601}.Debug|iPhone.Build.0 = Debug|Any CPU
		{A32FA087-67CC-4D65-83C2-821543831601}.Debug|iPhone.Deploy.0 = Debug|Any CPU
		{A32FA087-67CC-4D65-83C2-821543831601}.Debug|iPhoneSimulator.ActiveCfg = Debug|Any CPU
		{A32FA087-67CC-4D65-83C2-821543831601}.Debug|iPhoneSimulator.Build.0 = Debug|Any CPU
		{A32FA087-67CC-4D65-83C2-821543831601}.Debug|iPhoneSimulator.Deploy.0 = Debug|Any CPU
		{A32FA087-67CC-4D65-83C2-821543831601}.Release|Any CPU.ActiveCfg = Release|Any CPU
		{A32FA087-67CC-4D65-83C2-821543831601}.Release|Any CPU.Build.0 = Release|Any CPU
		{A32FA087-67CC-4D65-83C2-821543831601}.Release|Any CPU.Deploy.0 = Release|Any CPU
		{A32FA087-67CC-4D65-83C2-821543831601}.Release|iPhone.ActiveCfg = Release|Any CPU
		{A32FA087-67CC-4D65-83C2-821543831601}.Release|iPhone.Build.0 = Release|Any CPU
		{A32FA087-67CC-4D65-83C2-821543831601}.Release|iPhone.Deploy.0 = Release|Any CPU
		{A32FA087-67CC-4D65-83C2-821543831601}.Release|iPhoneSimulator.ActiveCfg = Release|Any CPU
		{A32FA087-67CC-4D65-83C2-821543831601}.Release|iPhoneSimulator.Build.0 = Release|Any CPU
		{A32FA087-67CC-4D65-83C2-821543831601}.Release|iPhoneSimulator.Deploy.0 = Release|Any CPU
		{811330A0-665D-42E5-A604-F58812D1869F}.Debug|Any CPU.ActiveCfg = Debug|iPhone
		{811330A0-665D-42E5-A604-F58812D1869F}.Debug|Any CPU.Build.0 = Debug|iPhone
		{811330A0-665D-42E5-A604-F58812D1869F}.Debug|Any CPU.Deploy.0 = Debug|iPhone
		{811330A0-665D-42E5-A604-F58812D1869F}.Debug|iPhone.ActiveCfg = Debug|iPhone
		{811330A0-665D-42E5-A604-F58812D1869F}.Debug|iPhone.Build.0 = Debug|iPhone
		{811330A0-665D-42E5-A604-F58812D1869F}.Debug|iPhone.Deploy.0 = Debug|iPhone
		{811330A0-665D-42E5-A604-F58812D1869F}.Debug|iPhoneSimulator.ActiveCfg = Debug|iPhoneSimulator
		{811330A0-665D-42E5-A604-F58812D1869F}.Debug|iPhoneSimulator.Build.0 = Debug|iPhoneSimulator
		{811330A0-665D-42E5-A604-F58812D1869F}.Debug|iPhoneSimulator.Deploy.0 = Debug|iPhoneSimulator
		{811330A0-665D-42E5-A604-F58812D1869F}.Release|Any CPU.ActiveCfg = Release|iPhoneSimulator
		{811330A0-665D-42E5-A604-F58812D1869F}.Release|Any CPU.Build.0 = Release|iPhoneSimulator
		{811330A0-665D-42E5-A604-F58812D1869F}.Release|Any CPU.Deploy.0 = Release|iPhoneSimulator
		{811330A0-665D-42E5-A604-F58812D1869F}.Release|iPhone.ActiveCfg = Release|iPhone
		{811330A0-665D-42E5-A604-F58812D1869F}.Release|iPhone.Build.0 = Release|iPhone
		{811330A0-665D-42E5-A604-F58812D1869F}.Release|iPhone.Deploy.0 = Release|iPhone
		{811330A0-665D-42E5-A604-F58812D1869F}.Release|iPhoneSimulator.ActiveCfg = Release|iPhoneSimulator
		{811330A0-665D-42E5-A604-F58812D1869F}.Release|iPhoneSimulator.Build.0 = Release|iPhoneSimulator
		{811330A0-665D-42E5-A604-F58812D1869F}.Release|iPhoneSimulator.Deploy.0 = Release|iPhoneSimulator
		{68CC8E15-96E4-4D1B-A705-2D4B2A283298}.Debug|Any CPU.ActiveCfg = Debug|Any CPU
		{68CC8E15-96E4-4D1B-A705-2D4B2A283298}.Debug|Any CPU.Build.0 = Debug|Any CPU
		{68CC8E15-96E4-4D1B-A705-2D4B2A283298}.Debug|Any CPU.Deploy.0 = Debug|Any CPU
		{68CC8E15-96E4-4D1B-A705-2D4B2A283298}.Debug|iPhone.ActiveCfg = Debug|Any CPU
		{68CC8E15-96E4-4D1B-A705-2D4B2A283298}.Debug|iPhone.Build.0 = Debug|Any CPU
		{68CC8E15-96E4-4D1B-A705-2D4B2A283298}.Debug|iPhone.Deploy.0 = Debug|Any CPU
		{68CC8E15-96E4-4D1B-A705-2D4B2A283298}.Debug|iPhoneSimulator.ActiveCfg = Debug|Any CPU
		{68CC8E15-96E4-4D1B-A705-2D4B2A283298}.Debug|iPhoneSimulator.Build.0 = Debug|Any CPU
		{68CC8E15-96E4-4D1B-A705-2D4B2A283298}.Debug|iPhoneSimulator.Deploy.0 = Debug|Any CPU
		{68CC8E15-96E4-4D1B-A705-2D4B2A283298}.Release|Any CPU.ActiveCfg = Release|Any CPU
		{68CC8E15-96E4-4D1B-A705-2D4B2A283298}.Release|Any CPU.Build.0 = Release|Any CPU
		{68CC8E15-96E4-4D1B-A705-2D4B2A283298}.Release|Any CPU.Deploy.0 = Release|Any CPU
		{68CC8E15-96E4-4D1B-A705-2D4B2A283298}.Release|iPhone.ActiveCfg = Release|Any CPU
		{68CC8E15-96E4-4D1B-A705-2D4B2A283298}.Release|iPhone.Build.0 = Release|Any CPU
		{68CC8E15-96E4-4D1B-A705-2D4B2A283298}.Release|iPhone.Deploy.0 = Release|Any CPU
		{68CC8E15-96E4-4D1B-A705-2D4B2A283298}.Release|iPhoneSimulator.ActiveCfg = Release|Any CPU
		{68CC8E15-96E4-4D1B-A705-2D4B2A283298}.Release|iPhoneSimulator.Build.0 = Release|Any CPU
		{68CC8E15-96E4-4D1B-A705-2D4B2A283298}.Release|iPhoneSimulator.Deploy.0 = Release|Any CPU
	EndGlobalSection
	GlobalSection(SolutionProperties) = preSolution
		HideSolutionNode = FALSE
	EndGlobalSection
	GlobalSection(ExtensibilityGlobals) = postSolution
		SolutionGuid = {35A14595-63E8-4CC2-9B0A-96C743670591}
	EndGlobalSection
EndGlobal
